
Microsoft Visual Studio Solution File, Format Version 12.00
# Visual Studio Version 17
VisualStudioVersion = 17.7.34024.191
MinimumVisualStudioVersion = 10.0.40219.1
Project("{FAE04EC0-301F-11D3-BF4B-00C04F79EFBC}") = "kap7", "kap7.csproj", "{7786DAA8-127B-4D52-8881-9F50441A9A37}"
EndProject
Global
	GlobalSection(SolutionConfigurationPlatforms) = preSolution
		Debug|Any CPU = Debug|Any CPU
		Release|Any CPU = Release|Any CPU
	EndGlobalSection
	GlobalSection(ProjectConfigurationPlatforms) = postSolution
		{7786DAA8-127B-4D52-8881-9F50441A9A37}.Debug|Any CPU.ActiveCfg = Debug|Any CPU
		{7786DAA8-127B-4D52-8881-9F50441A9A37}.Debug|Any CPU.Build.0 = Debug|Any CPU
		{7786DAA8-127B-4D52-8881-9F50441A9A37}.Release|Any CPU.ActiveCfg = Release|Any CPU
		{7786DAA8-127B-4D52-8881-9F50441A9A37}.Release|Any CPU.Build.0 = Release|Any CPU
	EndGlobalSection
	GlobalSection(SolutionProperties) = preSolution
		HideSolutionNode = FALSE
	EndGlobalSection
	GlobalSection(ExtensibilityGlobals) = postSolution
		SolutionGuid = {40B1400D-6DF5-412D-B0C2-147487A9BFDF}
	EndGlobalSection
EndGlobal
